// !$*UTF8*$!
{
	archiveVersion = 1;
	classes = {
	};
	objectVersion = 48;
	objects = {

/* Begin PBXBuildFile section */
		7F8151B5204DD57A00F2FF77 /* AppDelegate.swift in Sources */ = {isa = PBXBuildFile; fileRef = 7F8151B4204DD57A00F2FF77 /* AppDelegate.swift */; };
		7F8151B7204DD57A00F2FF77 /* ViewController.swift in Sources */ = {isa = PBXBuildFile; fileRef = 7F8151B6204DD57A00F2FF77 /* ViewController.swift */; };
		7F8151BA204DD57B00F2FF77 /* Main.storyboard in Resources */ = {isa = PBXBuildFile; fileRef = 7F8151B8204DD57B00F2FF77 /* Main.storyboard */; };
		7F8151BC204DD57B00F2FF77 /* Assets.xcassets in Resources */ = {isa = PBXBuildFile; fileRef = 7F8151BB204DD57B00F2FF77 /* Assets.xcassets */; };
		7F8151BF204DD57B00F2FF77 /* LaunchScreen.storyboard in Resources */ = {isa = PBXBuildFile; fileRef = 7F8151BD204DD57B00F2FF77 /* LaunchScreen.storyboard */; };
		7F8151CA204DD57B00F2FF77 /* Hackwich_6Tests.swift in Sources */ = {isa = PBXBuildFile; fileRef = 7F8151C9204DD57B00F2FF77 /* Hackwich_6Tests.swift */; };
		7F8151D5204DD57B00F2FF77 /* Hackwich_6UITests.swift in Sources */ = {isa = PBXBuildFile; fileRef = 7F8151D4204DD57B00F2FF77 /* Hackwich_6UITests.swift */; };
/* End PBXBuildFile section */

/* Begin PBXContainerItemProxy section */
		7F8151C6204DD57B00F2FF77 /* PBXContainerItemProxy */ = {
			isa = PBXContainerItemProxy;
			containerPortal = 7F8151A9204DD57A00F2FF77 /* Project object */;
			proxyType = 1;
			remoteGlobalIDString = 7F8151B0204DD57A00F2FF77;
			remoteInfo = "Hackwich#6";
		};
		7F8151D1204DD57B00F2FF77 /* PBXContainerItemProxy */ = {
			isa = PBXContainerItemProxy;
			containerPortal = 7F8151A9204DD57A00F2FF77 /* Project object */;
			proxyType = 1;
			remoteGlobalIDString = 7F8151B0204DD57A00F2FF77;
			remoteInfo = "Hackwich#6";
		};
/* End PBXContainerItemProxy section */

/* Begin PBXFileReference section */
		7F8151B1204DD57A00F2FF77 /* Hackwich#6.app */ = {isa = PBXFileReference; explicitFileType = wrapper.application; includeInIndex = 0; path = "Hackwich#6.app"; sourceTree = BUILT_PRODUCTS_DIR; };
		7F8151B4204DD57A00F2FF77 /* AppDelegate.swift */ = {isa = PBXFileReference; lastKnownFileType = sourcecode.swift; path = AppDelegate.swift; sourceTree = "<group>"; };
		7F8151B6204DD57A00F2FF77 /* ViewController.swift */ = {isa = PBXFileReference; lastKnownFileType = sourcecode.swift; path = ViewController.swift; sourceTree = "<group>"; };
		7F8151B9204DD57B00F2FF77 /* Base */ = {isa = PBXFileReference; lastKnownFileType = file.storyboard; name = Base; path = Base.lproj/Main.storyboard; sourceTree = "<group>"; };
		7F8151BB204DD57B00F2FF77 /* Assets.xcassets */ = {isa = PBXFileReference; lastKnownFileType = folder.assetcatalog; path = Assets.xcassets; sourceTree = "<group>"; };
		7F8151BE204DD57B00F2FF77 /* Base */ = {isa = PBXFileReference; lastKnownFileType = file.storyboard; name = Base; path = Base.lproj/LaunchScreen.storyboard; sourceTree = "<group>"; };
		7F8151C0204DD57B00F2FF77 /* Info.plist */ = {isa = PBXFileReference; lastKnownFileType = text.plist.xml; path = Info.plist; sourceTree = "<group>"; };
		7F8151C5204DD57B00F2FF77 /* Hackwich#6Tests.xctest */ = {isa = PBXFileReference; explicitFileType = wrapper.cfbundle; includeInIndex = 0; path = "Hackwich#6Tests.xctest"; sourceTree = BUILT_PRODUCTS_DIR; };
		7F8151C9204DD57B00F2FF77 /* Hackwich_6Tests.swift */ = {isa = PBXFileReference; lastKnownFileType = sourcecode.swift; path = Hackwich_6Tests.swift; sourceTree = "<group>"; };
		7F8151CB204DD57B00F2FF77 /* Info.plist */ = {isa = PBXFileReference; lastKnownFileType = text.plist.xml; path = Info.plist; sourceTree = "<group>"; };
		7F8151D0204DD57B00F2FF77 /* Hackwich#6UITests.xctest */ = {isa = PBXFileReference; explicitFileType = wrapper.cfbundle; includeInIndex = 0; path = "Hackwich#6UITests.xctest"; sourceTree = BUILT_PRODUCTS_DIR; };
		7F8151D4204DD57B00F2FF77 /* Hackwich_6UITests.swift */ = {isa = PBXFileReference; lastKnownFileType = sourcecode.swift; path = Hackwich_6UITests.swift; sourceTree = "<group>"; };
		7F8151D6204DD57B00F2FF77 /* Info.plist */ = {isa = PBXFileReference; lastKnownFileType = text.plist.xml; path = Info.plist; sourceTree = "<group>"; };
/* End PBXFileReference section */

/* Begin PBXFrameworksBuildPhase section */
		7F8151AE204DD57A00F2FF77 /* Frameworks */ = {
			isa = PBXFrameworksBuildPhase;
			buildActionMask = 2147483647;
			files = (
			);
			runOnlyForDeploymentPostprocessing = 0;
		};
		7F8151C2204DD57B00F2FF77 /* Frameworks */ = {
			isa = PBXFrameworksBuildPhase;
			buildActionMask = 2147483647;
			files = (
			);
			runOnlyForDeploymentPostprocessing = 0;
		};
		7F8151CD204DD57B00F2FF77 /* Frameworks */ = {
			isa = PBXFrameworksBuildPhase;
			buildActionMask = 2147483647;
			files = (
			);
			runOnlyForDeploymentPostprocessing = 0;
		};
/* End PBXFrameworksBuildPhase section */

/* Begin PBXGroup section */
		7F8151A8204DD57A00F2FF77 = {
			isa = PBXGroup;
			children = (
				7F8151B3204DD57A00F2FF77 /* Hackwich#6 */,
				7F8151C8204DD57B00F2FF77 /* Hackwich#6Tests */,
				7F8151D3204DD57B00F2FF77 /* Hackwich#6UITests */,
				7F8151B2204DD57A00F2FF77 /* Products */,
			);
			sourceTree = "<group>";
		};
		7F8151B2204DD57A00F2FF77 /* Products */ = {
			isa = PBXGroup;
			children = (
				7F8151B1204DD57A00F2FF77 /* Hackwich#6.app */,
				7F8151C5204DD57B00F2FF77 /* Hackwich#6Tests.xctest */,
				7F8151D0204DD57B00F2FF77 /* Hackwich#6UITests.xctest */,
			);
			name = Products;
			sourceTree = "<group>";
		};
		7F8151B3204DD57A00F2FF77 /* Hackwich#6 */ = {
			isa = PBXGroup;
			children = (
				7F8151B4204DD57A00F2FF77 /* AppDelegate.swift */,
				7F8151B6204DD57A00F2FF77 /* ViewController.swift */,
				7F8151B8204DD57B00F2FF77 /* Main.storyboard */,
				7F8151BB204DD57B00F2FF77 /* Assets.xcassets */,
				7F8151BD204DD57B00F2FF77 /* LaunchScreen.storyboard */,
				7F8151C0204DD57B00F2FF77 /* Info.plist */,
			);
			path = "Hackwich#6";
			sourceTree = "<group>";
		};
		7F8151C8204DD57B00F2FF77 /* Hackwich#6Tests */ = {
			isa = PBXGroup;
			children = (
				7F8151C9204DD57B00F2FF77 /* Hackwich_6Tests.swift */,
				7F8151CB204DD57B00F2FF77 /* Info.plist */,
			);
			path = "Hackwich#6Tests";
			sourceTree = "<group>";
		};
		7F8151D3204DD57B00F2FF77 /* Hackwich#6UITests */ = {
			isa = PBXGroup;
			children = (
				7F8151D4204DD57B00F2FF77 /* Hackwich_6UITests.swift */,
				7F8151D6204DD57B00F2FF77 /* Info.plist */,
			);
			path = "Hackwich#6UITests";
			sourceTree = "<group>";
		};
/* End PBXGroup section */

/* Begin PBXNativeTarget section */
		7F8151B0204DD57A00F2FF77 /* Hackwich#6 */ = {
			isa = PBXNativeTarget;
			buildConfigurationList = 7F8151D9204DD57B00F2FF77 /* Build configuration list for PBXNativeTarget "Hackwich#6" */;
			buildPhases = (
				7F8151AD204DD57A00F2FF77 /* Sources */,
				7F8151AE204DD57A00F2FF77 /* Frameworks */,
				7F8151AF204DD57A00F2FF77 /* Resources */,
			);
			buildRules = (
			);
			dependencies = (
			);
			name = "Hackwich#6";
			productName = "Hackwich#6";
			productReference = 7F8151B1204DD57A00F2FF77 /* Hackwich#6.app */;
			productType = "com.apple.product-type.application";
		};
		7F8151C4204DD57B00F2FF77 /* Hackwich#6Tests */ = {
			isa = PBXNativeTarget;
			buildConfigurationList = 7F8151DC204DD57B00F2FF77 /* Build configuration list for PBXNativeTarget "Hackwich#6Tests" */;
			buildPhases = (
				7F8151C1204DD57B00F2FF77 /* Sources */,
				7F8151C2204DD57B00F2FF77 /* Frameworks */,
				7F8151C3204DD57B00F2FF77 /* Resources */,
			);
			buildRules = (
			);
			dependencies = (
				7F8151C7204DD57B00F2FF77 /* PBXTargetDependency */,
			);
			name = "Hackwich#6Tests";
			productName = "Hackwich#6Tests";
			productReference = 7F8151C5204DD57B00F2FF77 /* Hackwich#6Tests.xctest */;
			productType = "com.apple.product-type.bundle.unit-test";
		};
		7F8151CF204DD57B00F2FF77 /* Hackwich#6UITests */ = {
			isa = PBXNativeTarget;
			buildConfigurationList = 7F8151DF204DD57B00F2FF77 /* Build configuration list for PBXNativeTarget "Hackwich#6UITests" */;
			buildPhases = (
				7F8151CC204DD57B00F2FF77 /* Sources */,
				7F8151CD204DD57B00F2FF77 /* Frameworks */,
				7F8151CE204DD57B00F2FF77 /* Resources */,
			);
			buildRules = (
			);
			dependencies = (
				7F8151D2204DD57B00F2FF77 /* PBXTargetDependency */,
			);
			name = "Hackwich#6UITests";
			productName = "Hackwich#6UITests";
			productReference = 7F8151D0204DD57B00F2FF77 /* Hackwich#6UITests.xctest */;
			productType = "com.apple.product-type.bundle.ui-testing";
		};
/* End PBXNativeTarget section */

/* Begin PBXProject section */
		7F8151A9204DD57A00F2FF77 /* Project object */ = {
			isa = PBXProject;
			attributes = {
				LastSwiftUpdateCheck = 0920;
				LastUpgradeCheck = 0920;
				ORGANIZATIONNAME = "CM Student";
				TargetAttributes = {
					7F8151B0204DD57A00F2FF77 = {
						CreatedOnToolsVersion = 9.2;
						ProvisioningStyle = Automatic;
					};
					7F8151C4204DD57B00F2FF77 = {
						CreatedOnToolsVersion = 9.2;
						ProvisioningStyle = Automatic;
						TestTargetID = 7F8151B0204DD57A00F2FF77;
					};
					7F8151CF204DD57B00F2FF77 = {
						CreatedOnToolsVersion = 9.2;
						ProvisioningStyle = Automatic;
						TestTargetID = 7F8151B0204DD57A00F2FF77;
					};
				};
			};
			buildConfigurationList = 7F8151AC204DD57A00F2FF77 /* Build configuration list for PBXProject "Hackwich#6" */;
			compatibilityVersion = "Xcode 8.0";
			developmentRegion = en;
			hasScannedForEncodings = 0;
			knownRegions = (
				en,
				Base,
			);
			mainGroup = 7F8151A8204DD57A00F2FF77;
			productRefGroup = 7F8151B2204DD57A00F2FF77 /* Products */;
			projectDirPath = "";
			projectRoot = "";
			targets = (
				7F8151B0204DD57A00F2FF77 /* Hackwich#6 */,
				7F8151C4204DD57B00F2FF77 /* Hackwich#6Tests */,
				7F8151CF204DD57B00F2FF77 /* Hackwich#6UITests */,
			);
		};
/* End PBXProject section */

/* Begin PBXResourcesBuildPhase section */
		7F8151AF204DD57A00F2FF77 /* Resources */ = {
			isa = PBXResourcesBuildPhase;
			buildActionMask = 2147483647;
			files = (
				7F8151BF204DD57B00F2FF77 /* LaunchScreen.storyboard in Resources */,
				7F8151BC204DD57B00F2FF77 /* Assets.xcassets in Resources */,
				7F8151BA204DD57B00F2FF77 /* Main.storyboard in Resources */,
			);
			runOnlyForDeploymentPostprocessing = 0;
		};
		7F8151C3204DD57B00F2FF77 /* Resources */ = {
			isa = PBXResourcesBuildPhase;
			buildActionMask = 2147483647;
			files = (
			);
			runOnlyForDeploymentPostprocessing = 0;
		};
		7F8151CE204DD57B00F2FF77 /* Resources */ = {
			isa = PBXResourcesBuildPhase;
			buildActionMask = 2147483647;
			files = (
			);
			runOnlyForDeploymentPostprocessing = 0;
		};
/* End PBXResourcesBuildPhase section */

/* Begin PBXSourcesBuildPhase section */
		7F8151AD204DD57A00F2FF77 /* Sources */ = {
			isa = PBXSourcesBuildPhase;
			buildActionMask = 2147483647;
			files = (
				7F8151B7204DD57A00F2FF77 /* ViewController.swift in Sources */,
				7F8151B5204DD57A00F2FF77 /* AppDelegate.swift in Sources */,
			);
			runOnlyForDeploymentPostprocessing = 0;
		};
		7F8151C1204DD57B00F2FF77 /* Sources */ = {
			isa = PBXSourcesBuildPhase;
			buildActionMask = 2147483647;
			files = (
				7F8151CA204DD57B00F2FF77 /* Hackwich_6Tests.swift in Sources */,
			);
			runOnlyForDeploymentPostprocessing = 0;
		};
		7F8151CC204DD57B00F2FF77 /* Sources */ = {
			isa = PBXSourcesBuildPhase;
			buildActionMask = 2147483647;
			files = (
				7F8151D5204DD57B00F2FF77 /* Hackwich_6UITests.swift in Sources */,
			);
			runOnlyForDeploymentPostprocessing = 0;
		};
/* End PBXSourcesBuildPhase section */

/* Begin PBXTargetDependency section */
		7F8151C7204DD57B00F2FF77 /* PBXTargetDependency */ = {
			isa = PBXTargetDependency;
			target = 7F8151B0204DD57A00F2FF77 /* Hackwich#6 */;
			targetProxy = 7F8151C6204DD57B00F2FF77 /* PBXContainerItemProxy */;
		};
		7F8151D2204DD57B00F2FF77 /* PBXTargetDependency */ = {
			isa = PBXTargetDependency;
			target = 7F8151B0204DD57A00F2FF77 /* Hackwich#6 */;
			targetProxy = 7F8151D1204DD57B00F2FF77 /* PBXContainerItemProxy */;
		};
/* End PBXTargetDependency section */

/* Begin PBXVariantGroup section */
		7F8151B8204DD57B00F2FF77 /* Main.storyboard */ = {
			isa = PBXVariantGroup;
			children = (
				7F8151B9204DD57B00F2FF77 /* Base */,
			);
			name = Main.storyboard;
			sourceTree = "<group>";
		};
		7F8151BD204DD57B00F2FF77 /* LaunchScreen.storyboard */ = {
			isa = PBXVariantGroup;
			children = (
				7F8151BE204DD57B00F2FF77 /* Base */,
			);
			name = LaunchScreen.storyboard;
			sourceTree = "<group>";
		};
/* End PBXVariantGroup section */

/* Begin XCBuildConfiguration section */
		7F8151D7204DD57B00F2FF77 /* Debug */ = {
			isa = XCBuildConfiguration;
			buildSettings = {
				ALWAYS_SEARCH_USER_PATHS = NO;
				CLANG_ANALYZER_NONNULL = YES;
				CLANG_ANALYZER_NUMBER_OBJECT_CONVERSION = YES_AGGRESSIVE;
				CLANG_CXX_LANGUAGE_STANDARD = "gnu++14";
				CLANG_CXX_LIBRARY = "libc++";
				CLANG_ENABLE_MODULES = YES;
				CLANG_ENABLE_OBJC_ARC = YES;
				CLANG_WARN_BLOCK_CAPTURE_AUTORELEASING = YES;
				CLANG_WARN_BOOL_CONVERSION = YES;
				CLANG_WARN_COMMA = YES;
				CLANG_WARN_CONSTANT_CONVERSION = YES;
				CLANG_WARN_DIRECT_OBJC_ISA_USAGE = YES_ERROR;
				CLANG_WARN_DOCUMENTATION_COMMENTS = YES;
				CLANG_WARN_EMPTY_BODY = YES;
				CLANG_WARN_ENUM_CONVERSION = YES;
				CLANG_WARN_INFINITE_RECURSION = YES;
				CLANG_WARN_INT_CONVERSION = YES;
				CLANG_WARN_NON_LITERAL_NULL_CONVERSION = YES;
				CLANG_WARN_OBJC_LITERAL_CONVERSION = YES;
				CLANG_WARN_OBJC_ROOT_CLASS = YES_ERROR;
				CLANG_WARN_RANGE_LOOP_ANALYSIS = YES;
				CLANG_WARN_STRICT_PROTOTYPES = YES;
				CLANG_WARN_SUSPICIOUS_MOVE = YES;
				CLANG_WARN_UNGUARDED_AVAILABILITY = YES_AGGRESSIVE;
				CLANG_WARN_UNREACHABLE_CODE = YES;
				CLANG_WARN__DUPLICATE_METHOD_MATCH = YES;
				CODE_SIGN_IDENTITY = "iPhone Developer";
				COPY_PHASE_STRIP = NO;
				DEBUG_INFORMATION_FORMAT = dwarf;
				ENABLE_STRICT_OBJC_MSGSEND = YES;
				ENABLE_TESTABILITY = YES;
				GCC_C_LANGUAGE_STANDARD = gnu11;
				GCC_DYNAMIC_NO_PIC = NO;
				GCC_NO_COMMON_BLOCKS = YES;
				GCC_OPTIMIZATION_LEVEL = 0;
				GCC_PREPROCESSOR_DEFINITIONS = (
					"DEBUG=1",
					"$(inherited)",
				);
				GCC_WARN_64_TO_32_BIT_CONVERSION = YES;
				GCC_WARN_ABOUT_RETURN_TYPE = YES_ERROR;
				GCC_WARN_UNDECLARED_SELECTOR = YES;
				GCC_WARN_UNINITIALIZED_AUTOS = YES_AGGRESSIVE;
				GCC_WARN_UNUSED_FUNCTION = YES;
				GCC_WARN_UNUSED_VARIABLE = YES;
				IPHONEOS_DEPLOYMENT_TARGET = 11.2;
				MTL_ENABLE_DEBUG_INFO = YES;
				ONLY_ACTIVE_ARCH = YES;
				SDKROOT = iphoneos;
				SWIFT_ACTIVE_COMPILATION_CONDITIONS = DEBUG;
				SWIFT_OPTIMIZATION_LEVEL = "-Onone";
			};
			name = Debug;
		};
		7F8151D8204DD57B00F2FF77 /* Release */ = {
			isa = XCBuildConfiguration;
			buildSettings = {
				ALWAYS_SEARCH_USER_PATHS = NO;
				CLANG_ANALYZER_NONNULL = YES;
				CLANG_ANALYZER_NUMBER_OBJECT_CONVERSION = YES_AGGRESSIVE;
				CLANG_CXX_LANGUAGE_STANDARD = "gnu++14";
				CLANG_CXX_LIBRARY = "libc++";
				CLANG_ENABLE_MODULES = YES;
				CLANG_ENABLE_OBJC_ARC = YES;
				CLANG_WARN_BLOCK_CAPTURE_AUTORELEASING = YES;
				CLANG_WARN_BOOL_CONVERSION = YES;
				CLANG_WARN_COMMA = YES;
				CLANG_WARN_CONSTANT_CONVERSION = YES;
				CLANG_WARN_DIRECT_OBJC_ISA_USAGE = YES_ERROR;
				CLANG_WARN_DOCUMENTATION_COMMENTS = YES;
				CLANG_WARN_EMPTY_BODY = YES;
				CLANG_WARN_ENUM_CONVERSION = YES;
				CLANG_WARN_INFINITE_RECURSION = YES;
				CLANG_WARN_INT_CONVERSION = YES;
				CLANG_WARN_NON_LITERAL_NULL_CONVERSION = YES;
				CLANG_WARN_OBJC_LITERAL_CONVERSION = YES;
				CLANG_WARN_OBJC_ROOT_CLASS = YES_ERROR;
				CLANG_WARN_RANGE_LOOP_ANALYSIS = YES;
				CLANG_WARN_STRICT_PROTOTYPES = YES;
				CLANG_WARN_SUSPICIOUS_MOVE = YES;
				CLANG_WARN_UNGUARDED_AVAILABILITY = YES_AGGRESSIVE;
				CLANG_WARN_UNREACHABLE_CODE = YES;
				CLANG_WARN__DUPLICATE_METHOD_MATCH = YES;
				CODE_SIGN_IDENTITY = "iPhone Developer";
				COPY_PHASE_STRIP = NO;
				DEBUG_INFORMATION_FORMAT = "dwarf-with-dsym";
				ENABLE_NS_ASSERTIONS = NO;
				ENABLE_STRICT_OBJC_MSGSEND = YES;
				GCC_C_LANGUAGE_STANDARD = gnu11;
				GCC_NO_COMMON_BLOCKS = YES;
				GCC_WARN_64_TO_32_BIT_CONVERSION = YES;
				GCC_WARN_ABOUT_RETURN_TYPE = YES_ERROR;
				GCC_WARN_UNDECLARED_SELECTOR = YES;
				GCC_WARN_UNINITIALIZED_AUTOS = YES_AGGRESSIVE;
				GCC_WARN_UNUSED_FUNCTION = YES;
				GCC_WARN_UNUSED_VARIABLE = YES;
				IPHONEOS_DEPLOYMENT_TARGET = 11.2;
				MTL_ENABLE_DEBUG_INFO = NO;
				SDKROOT = iphoneos;
				SWIFT_OPTIMIZATION_LEVEL = "-Owholemodule";
				VALIDATE_PRODUCT = YES;
			};
			name = Release;
		};
		7F8151DA204DD57B00F2FF77 /* Debug */ = {
			isa = XCBuildConfiguration;
			buildSettings = {
				ASSETCATALOG_COMPILER_APPICON_NAME = AppIcon;
				CODE_SIGN_STYLE = Automatic;
				INFOPLIST_FILE = "Hackwich#6/Info.plist";
				LD_RUNPATH_SEARCH_PATHS = "$(inherited) @executable_path/Frameworks";
				PRODUCT_BUNDLE_IDENTIFIER = "UHWO.Hackwich-6";
				PRODUCT_NAME = "$(TARGET_NAME)";
				SWIFT_VERSION = 4.0;
				TARGETED_DEVICE_FAMILY = "1,2";
			};
			name = Debug;
		};
		7F8151DB204DD57B00F2FF77 /* Release */ = {
			isa = XCBuildConfiguration;
			buildSettings = {
				ASSETCATALOG_COMPILER_APPICON_NAME = AppIcon;
				CODE_SIGN_STYLE = Automatic;
				INFOPLIST_FILE = "Hackwich#6/Info.plist";
				LD_RUNPATH_SEARCH_PATHS = "$(inherited) @executable_path/Frameworks";
				PRODUCT_BUNDLE_IDENTIFIER = "UHWO.Hackwich-6";
				PRODUCT_NAME = "$(TARGET_NAME)";
				SWIFT_VERSION = 4.0;
				TARGETED_DEVICE_FAMILY = "1,2";
			};
			name = Release;
		};
		7F8151DD204DD57B00F2FF77 /* Debug */ = {
			isa = XCBuildConfiguration;
			buildSettings = {
				ALWAYS_EMBED_SWIFT_STANDARD_LIBRARIES = YES;
				BUNDLE_LOADER = "$(TEST_HOST)";
				CODE_SIGN_STYLE = Automatic;
				INFOPLIST_FILE = "Hackwich#6Tests/Info.plist";
				LD_RUNPATH_SEARCH_PATHS = "$(inherited) @executable_path/Frameworks @loader_path/Frameworks";
				PRODUCT_BUNDLE_IDENTIFIER = "UHWO.Hackwich-6Tests";
				PRODUCT_NAME = "$(TARGET_NAME)";
				SWIFT_VERSION = 4.0;
				TARGETED_DEVICE_FAMILY = "1,2";
				TEST_HOST = "$(BUILT_PRODUCTS_DIR)/Hackwich#6.app/Hackwich#6";
			};
			name = Debug;
		};
		7F8151DE204DD57B00F2FF77 /* Release */ = {
			isa = XCBuildConfiguration;
			buildSettings = {
				ALWAYS_EMBED_SWIFT_STANDARD_LIBRARIES = YES;
				BUNDLE_LOADER = "$(TEST_HOST)";
				CODE_SIGN_STYLE = Automatic;
				INFOPLIST_FILE = "Hackwich#6Tests/Info.plist";
				LD_RUNPATH_SEARCH_PATHS = "$(inherited) @executable_path/Frameworks @loader_path/Frameworks";
				PRODUCT_BUNDLE_IDENTIFIER = "UHWO.Hackwich-6Tests";
				PRODUCT_NAME = "$(TARGET_NAME)";
				SWIFT_VERSION = 4.0;
				TARGETED_DEVICE_FAMILY = "1,2";
				TEST_HOST = "$(BUILT_PRODUCTS_DIR)/Hackwich#6.app/Hackwich#6";
			};
			name = Release;
		};
		7F8151E0204DD57B00F2FF77 /* Debug */ = {
			isa = XCBuildConfiguration;
			buildSettings = {
				ALWAYS_EMBED_SWIFT_STANDARD_LIBRARIES = YES;
				CODE_SIGN_STYLE = Automatic;
				INFOPLIST_FILE = "Hackwich#6UITests/Info.plist";
				LD_RUNPATH_SEARCH_PATHS = "$(inherited) @executable_path/Frameworks @loader_path/Frameworks";
				PRODUCT_BUNDLE_IDENTIFIER = "UHWO.Hackwich-6UITests";
				PRODUCT_NAME = "$(TARGET_NAME)";
				SWIFT_VERSION = 4.0;
				TARGETED_DEVICE_FAMILY = "1,2";
				TEST_TARGET_NAME = "Hackwich#6";
			};
			name = Debug;
		};
		7F8151E1204DD57B00F2FF77 /* Release */ = {
			isa = XCBuildConfiguration;
			buildSettings = {
				ALWAYS_EMBED_SWIFT_STANDARD_LIBRARIES = YES;
				CODE_SIGN_STYLE = Automatic;
				INFOPLIST_FILE = "Hackwich#6UITests/Info.plist";
				LD_RUNPATH_SEARCH_PATHS = "$(inherited) @executable_path/Frameworks @loader_path/Frameworks";
				PRODUCT_BUNDLE_IDENTIFIER = "UHWO.Hackwich-6UITests";
				PRODUCT_NAME = "$(TARGET_NAME)";
				SWIFT_VERSION = 4.0;
				TARGETED_DEVICE_FAMILY = "1,2";
				TEST_TARGET_NAME = "Hackwich#6";
			};
			name = Release;
		};
/* End XCBuildConfiguration section */

/* Begin XCConfigurationList section */
		7F8151AC204DD57A00F2FF77 /* Build configuration list for PBXProject "Hackwich#6" */ = {
			isa = XCConfigurationList;
			buildConfigurations = (
				7F8151D7204DD57B00F2FF77 /* Debug */,
				7F8151D8204DD57B00F2FF77 /* Release */,
			);
			defaultConfigurationIsVisible = 0;
			defaultConfigurationName = Release;
		};
		7F8151D9204DD57B00F2FF77 /* Build configuration list for PBXNativeTarget "Hackwich#6" */ = {
			isa = XCConfigurationList;
			buildConfigurations = (
				7F8151DA204DD57B00F2FF77 /* Debug */,
				7F8151DB204DD57B00F2FF77 /* Release */,
			);
			defaultConfigurationIsVisible = 0;
			defaultConfigurationName = Release;
		};
		7F8151DC204DD57B00F2FF77 /* Build configuration list for PBXNativeTarget "Hackwich#6Tests" */ = {
			isa = XCConfigurationList;
			buildConfigurations = (
				7F8151DD204DD57B00F2FF77 /* Debug */,
				7F8151DE204DD57B00F2FF77 /* Release */,
			);
			defaultConfigurationIsVisible = 0;
			defaultConfigurationName = Release;
		};
		7F8151DF204DD57B00F2FF77 /* Build configuration list for PBXNativeTarget "Hackwich#6UITests" */ = {
			isa = XCConfigurationList;
			buildConfigurations = (
				7F8151E0204DD57B00F2FF77 /* Debug */,
				7F8151E1204DD57B00F2FF77 /* Release */,
			);
			defaultConfigurationIsVisible = 0;
			defaultConfigurationName = Release;
		};
/* End XCConfigurationList section */
	};
	rootObject = 7F8151A9204DD57A00F2FF77 /* Project object */;
}
